
Microsoft Visual Studio Solution File, Format Version 12.00
# Visual Studio 14
VisualStudioVersion = 14.0.25420.1
MinimumVisualStudioVersion = 10.0.40219.1
Project("{FAE04EC0-301F-11D3-BF4B-00C04F79EFBC}") = "Send", "Send\Send.csproj", "{38209EB2-FB8F-4C7C-BE83-F6028D83B642}"
EndProject
Project("{FAE04EC0-301F-11D3-BF4B-00C04F79EFBC}") = "Recieve", "Recieve\Recieve.csproj", "{84C7554D-5024-4DE5-A142-5D8B5B0D0369}"
EndProject
Global
	GlobalSection(SolutionConfigurationPlatforms) = preSolution
		Debug|Any CPU = Debug|Any CPU
		Release|Any CPU = Release|Any CPU
	EndGlobalSection
	GlobalSection(ProjectConfigurationPlatforms) = postSolution
		{38209EB2-FB8F-4C7C-BE83-F6028D83B642}.Debug|Any CPU.ActiveCfg = Debug|Any CPU
		{38209EB2-FB8F-4C7C-BE83-F6028D83B642}.Debug|Any CPU.Build.0 = Debug|Any CPU
		{38209EB2-FB8F-4C7C-BE83-F6028D83B642}.Release|Any CPU.ActiveCfg = Release|Any CPU
		{38209EB2-FB8F-4C7C-BE83-F6028D83B642}.Release|Any CPU.Build.0 = Release|Any CPU
		{84C7554D-5024-4DE5-A142-5D8B5B0D0369}.Debug|Any CPU.ActiveCfg = Debug|Any CPU
		{84C7554D-5024-4DE5-A142-5D8B5B0D0369}.Debug|Any CPU.Build.0 = Debug|Any CPU
		{84C7554D-5024-4DE5-A142-5D8B5B0D0369}.Release|Any CPU.ActiveCfg = Release|Any CPU
		{84C7554D-5024-4DE5-A142-5D8B5B0D0369}.Release|Any CPU.Build.0 = Release|Any CPU
	EndGlobalSection
	GlobalSection(SolutionProperties) = preSolution
		HideSolutionNode = FALSE
	EndGlobalSection
EndGlobal
